// !$*UTF8*$!
{
	archiveVersion = 1;
	classes = {
	};
	objectVersion = 55;
	objects = {

/* Begin PBXBuildFile section */
		0FF2223D29159BB9009F93B6 /* AppDelegate.swift in Sources */ = {isa = PBXBuildFile; fileRef = 0FF2223C29159BB9009F93B6 /* AppDelegate.swift */; };
		0FF2223F29159BB9009F93B6 /* SceneDelegate.swift in Sources */ = {isa = PBXBuildFile; fileRef = 0FF2223E29159BB9009F93B6 /* SceneDelegate.swift */; };
		0FF2224129159BB9009F93B6 /* ViewController.swift in Sources */ = {isa = PBXBuildFile; fileRef = 0FF2224029159BB9009F93B6 /* ViewController.swift */; };
		0FF2224429159BB9009F93B6 /* Main.storyboard in Resources */ = {isa = PBXBuildFile; fileRef = 0FF2224229159BB9009F93B6 /* Main.storyboard */; };
		0FF2224629159BBB009F93B6 /* Assets.xcassets in Resources */ = {isa = PBXBuildFile; fileRef = 0FF2224529159BBB009F93B6 /* Assets.xcassets */; };
		0FF2224929159BBB009F93B6 /* LaunchScreen.storyboard in Resources */ = {isa = PBXBuildFile; fileRef = 0FF2224729159BBB009F93B6 /* LaunchScreen.storyboard */; };
		0FF2225429159BBB009F93B6 /* corporaTests.swift in Sources */ = {isa = PBXBuildFile; fileRef = 0FF2225329159BBB009F93B6 /* corporaTests.swift */; };
		0FF2225E29159BBB009F93B6 /* corporaUITests.swift in Sources */ = {isa = PBXBuildFile; fileRef = 0FF2225D29159BBB009F93B6 /* corporaUITests.swift */; };
		0FF2226029159BBB009F93B6 /* corporaUITestsLaunchTests.swift in Sources */ = {isa = PBXBuildFile; fileRef = 0FF2225F29159BBB009F93B6 /* corporaUITestsLaunchTests.swift */; };
		0FF2227329159C24009F93B6 /* CharacterListPresenter.swift in Sources */ = {isa = PBXBuildFile; fileRef = 0FF2226C29159C24009F93B6 /* CharacterListPresenter.swift */; };
		0FF2227429159C24009F93B6 /* CharacterListLocalDataManager.swift in Sources */ = {isa = PBXBuildFile; fileRef = 0FF2226D29159C24009F93B6 /* CharacterListLocalDataManager.swift */; };
		0FF2227529159C24009F93B6 /* CharacterListProtocols.swift in Sources */ = {isa = PBXBuildFile; fileRef = 0FF2226E29159C24009F93B6 /* CharacterListProtocols.swift */; };
		0FF2227629159C24009F93B6 /* CharacterListInteractor.swift in Sources */ = {isa = PBXBuildFile; fileRef = 0FF2226F29159C24009F93B6 /* CharacterListInteractor.swift */; };
		0FF2227729159C24009F93B6 /* CharacterListView.swift in Sources */ = {isa = PBXBuildFile; fileRef = 0FF2227029159C24009F93B6 /* CharacterListView.swift */; };
		0FF2227829159C24009F93B6 /* CharacterListRemoteDataManager.swift in Sources */ = {isa = PBXBuildFile; fileRef = 0FF2227129159C24009F93B6 /* CharacterListRemoteDataManager.swift */; };
		0FF2227929159C24009F93B6 /* CharacterListWireFrame.swift in Sources */ = {isa = PBXBuildFile; fileRef = 0FF2227229159C24009F93B6 /* CharacterListWireFrame.swift */; };
		0FF2227C29159C4E009F93B6 /* CharacterListView.storyboard in Resources */ = {isa = PBXBuildFile; fileRef = 0FF2227B29159C4E009F93B6 /* CharacterListView.storyboard */; };
/* End PBXBuildFile section */

/* Begin PBXContainerItemProxy section */
		0FF2225029159BBB009F93B6 /* PBXContainerItemProxy */ = {
			isa = PBXContainerItemProxy;
			containerPortal = 0FF2223129159BB9009F93B6 /* Project object */;
			proxyType = 1;
			remoteGlobalIDString = 0FF2223829159BB9009F93B6;
			remoteInfo = corpora;
		};
		0FF2225A29159BBB009F93B6 /* PBXContainerItemProxy */ = {
			isa = PBXContainerItemProxy;
			containerPortal = 0FF2223129159BB9009F93B6 /* Project object */;
			proxyType = 1;
			remoteGlobalIDString = 0FF2223829159BB9009F93B6;
			remoteInfo = corpora;
		};
/* End PBXContainerItemProxy section */

/* Begin PBXFileReference section */
		0FF2223929159BB9009F93B6 /* corpora.app */ = {isa = PBXFileReference; explicitFileType = wrapper.application; includeInIndex = 0; path = corpora.app; sourceTree = BUILT_PRODUCTS_DIR; };
		0FF2223C29159BB9009F93B6 /* AppDelegate.swift */ = {isa = PBXFileReference; lastKnownFileType = sourcecode.swift; path = AppDelegate.swift; sourceTree = "<group>"; };
		0FF2223E29159BB9009F93B6 /* SceneDelegate.swift */ = {isa = PBXFileReference; lastKnownFileType = sourcecode.swift; path = SceneDelegate.swift; sourceTree = "<group>"; };
		0FF2224029159BB9009F93B6 /* ViewController.swift */ = {isa = PBXFileReference; lastKnownFileType = sourcecode.swift; path = ViewController.swift; sourceTree = "<group>"; };
		0FF2224329159BB9009F93B6 /* Base */ = {isa = PBXFileReference; lastKnownFileType = file.storyboard; name = Base; path = Base.lproj/Main.storyboard; sourceTree = "<group>"; };
		0FF2224529159BBB009F93B6 /* Assets.xcassets */ = {isa = PBXFileReference; lastKnownFileType = folder.assetcatalog; path = Assets.xcassets; sourceTree = "<group>"; };
		0FF2224829159BBB009F93B6 /* Base */ = {isa = PBXFileReference; lastKnownFileType = file.storyboard; name = Base; path = Base.lproj/LaunchScreen.storyboard; sourceTree = "<group>"; };
		0FF2224A29159BBB009F93B6 /* Info.plist */ = {isa = PBXFileReference; lastKnownFileType = text.plist.xml; path = Info.plist; sourceTree = "<group>"; };
		0FF2224F29159BBB009F93B6 /* corporaTests.xctest */ = {isa = PBXFileReference; explicitFileType = wrapper.cfbundle; includeInIndex = 0; path = corporaTests.xctest; sourceTree = BUILT_PRODUCTS_DIR; };
		0FF2225329159BBB009F93B6 /* corporaTests.swift */ = {isa = PBXFileReference; lastKnownFileType = sourcecode.swift; path = corporaTests.swift; sourceTree = "<group>"; };
		0FF2225929159BBB009F93B6 /* corporaUITests.xctest */ = {isa = PBXFileReference; explicitFileType = wrapper.cfbundle; includeInIndex = 0; path = corporaUITests.xctest; sourceTree = BUILT_PRODUCTS_DIR; };
		0FF2225D29159BBB009F93B6 /* corporaUITests.swift */ = {isa = PBXFileReference; lastKnownFileType = sourcecode.swift; path = corporaUITests.swift; sourceTree = "<group>"; };
		0FF2225F29159BBB009F93B6 /* corporaUITestsLaunchTests.swift */ = {isa = PBXFileReference; lastKnownFileType = sourcecode.swift; path = corporaUITestsLaunchTests.swift; sourceTree = "<group>"; };
		0FF2226C29159C24009F93B6 /* CharacterListPresenter.swift */ = {isa = PBXFileReference; lastKnownFileType = sourcecode.swift; path = CharacterListPresenter.swift; sourceTree = "<group>"; };
		0FF2226D29159C24009F93B6 /* CharacterListLocalDataManager.swift */ = {isa = PBXFileReference; lastKnownFileType = sourcecode.swift; path = CharacterListLocalDataManager.swift; sourceTree = "<group>"; };
		0FF2226E29159C24009F93B6 /* CharacterListProtocols.swift */ = {isa = PBXFileReference; lastKnownFileType = sourcecode.swift; path = CharacterListProtocols.swift; sourceTree = "<group>"; };
		0FF2226F29159C24009F93B6 /* CharacterListInteractor.swift */ = {isa = PBXFileReference; lastKnownFileType = sourcecode.swift; path = CharacterListInteractor.swift; sourceTree = "<group>"; };
		0FF2227029159C24009F93B6 /* CharacterListView.swift */ = {isa = PBXFileReference; lastKnownFileType = sourcecode.swift; path = CharacterListView.swift; sourceTree = "<group>"; };
		0FF2227129159C24009F93B6 /* CharacterListRemoteDataManager.swift */ = {isa = PBXFileReference; lastKnownFileType = sourcecode.swift; path = CharacterListRemoteDataManager.swift; sourceTree = "<group>"; };
		0FF2227229159C24009F93B6 /* CharacterListWireFrame.swift */ = {isa = PBXFileReference; lastKnownFileType = sourcecode.swift; path = CharacterListWireFrame.swift; sourceTree = "<group>"; };
		0FF2227B29159C4E009F93B6 /* CharacterListView.storyboard */ = {isa = PBXFileReference; lastKnownFileType = file.storyboard; path = CharacterListView.storyboard; sourceTree = "<group>"; };
/* End PBXFileReference section */

/* Begin PBXFrameworksBuildPhase section */
		0FF2223629159BB9009F93B6 /* Frameworks */ = {
			isa = PBXFrameworksBuildPhase;
			buildActionMask = 2147483647;
			files = (
			);
			runOnlyForDeploymentPostprocessing = 0;
		};
		0FF2224C29159BBB009F93B6 /* Frameworks */ = {
			isa = PBXFrameworksBuildPhase;
			buildActionMask = 2147483647;
			files = (
			);
			runOnlyForDeploymentPostprocessing = 0;
		};
		0FF2225629159BBB009F93B6 /* Frameworks */ = {
			isa = PBXFrameworksBuildPhase;
			buildActionMask = 2147483647;
			files = (
			);
			runOnlyForDeploymentPostprocessing = 0;
		};
/* End PBXFrameworksBuildPhase section */

/* Begin PBXGroup section */
		0FF2223029159BB9009F93B6 = {
			isa = PBXGroup;
			children = (
				0FF2223B29159BB9009F93B6 /* corpora */,
				0FF2225229159BBB009F93B6 /* corporaTests */,
				0FF2225C29159BBB009F93B6 /* corporaUITests */,
				0FF2223A29159BB9009F93B6 /* Products */,
			);
			sourceTree = "<group>";
		};
		0FF2223A29159BB9009F93B6 /* Products */ = {
			isa = PBXGroup;
			children = (
				0FF2223929159BB9009F93B6 /* corpora.app */,
				0FF2224F29159BBB009F93B6 /* corporaTests.xctest */,
				0FF2225929159BBB009F93B6 /* corporaUITests.xctest */,
			);
			name = Products;
			sourceTree = "<group>";
		};
		0FF2223B29159BB9009F93B6 /* corpora */ = {
			isa = PBXGroup;
			children = (
				0FF2223C29159BB9009F93B6 /* AppDelegate.swift */,
				0FF2223E29159BB9009F93B6 /* SceneDelegate.swift */,
				0FF2224029159BB9009F93B6 /* ViewController.swift */,
				0FF2224229159BB9009F93B6 /* Main.storyboard */,
				0FF2224529159BBB009F93B6 /* Assets.xcassets */,
				0FF2224729159BBB009F93B6 /* LaunchScreen.storyboard */,
				0FF2224A29159BBB009F93B6 /* Info.plist */,
				0FF2227A29159C2F009F93B6 /* CharacterList */,
			);
			path = corpora;
			sourceTree = "<group>";
		};
		0FF2225229159BBB009F93B6 /* corporaTests */ = {
			isa = PBXGroup;
			children = (
				0FF2225329159BBB009F93B6 /* corporaTests.swift */,
			);
			path = corporaTests;
			sourceTree = "<group>";
		};
		0FF2225C29159BBB009F93B6 /* corporaUITests */ = {
			isa = PBXGroup;
			children = (
				0FF2225D29159BBB009F93B6 /* corporaUITests.swift */,
				0FF2225F29159BBB009F93B6 /* corporaUITestsLaunchTests.swift */,
			);
			path = corporaUITests;
			sourceTree = "<group>";
		};
		0FF2227A29159C2F009F93B6 /* CharacterList */ = {
			isa = PBXGroup;
			children = (
				0FF2226C29159C24009F93B6 /* CharacterListPresenter.swift */,
				0FF2226D29159C24009F93B6 /* CharacterListLocalDataManager.swift */,
				0FF2226E29159C24009F93B6 /* CharacterListProtocols.swift */,
				0FF2226F29159C24009F93B6 /* CharacterListInteractor.swift */,
				0FF2227029159C24009F93B6 /* CharacterListView.swift */,
				0FF2227129159C24009F93B6 /* CharacterListRemoteDataManager.swift */,
				0FF2227229159C24009F93B6 /* CharacterListWireFrame.swift */,
				0FF2227B29159C4E009F93B6 /* CharacterListView.storyboard */,
			);
			path = CharacterList;
			sourceTree = "<group>";
		};
/* End PBXGroup section */

/* Begin PBXNativeTarget section */
		0FF2223829159BB9009F93B6 /* corpora */ = {
			isa = PBXNativeTarget;
			buildConfigurationList = 0FF2226329159BBB009F93B6 /* Build configuration list for PBXNativeTarget "corpora" */;
			buildPhases = (
				0FF2223529159BB9009F93B6 /* Sources */,
				0FF2223629159BB9009F93B6 /* Frameworks */,
				0FF2223729159BB9009F93B6 /* Resources */,
			);
			buildRules = (
			);
			dependencies = (
			);
			name = corpora;
			productName = corpora;
			productReference = 0FF2223929159BB9009F93B6 /* corpora.app */;
			productType = "com.apple.product-type.application";
		};
		0FF2224E29159BBB009F93B6 /* corporaTests */ = {
			isa = PBXNativeTarget;
			buildConfigurationList = 0FF2226629159BBB009F93B6 /* Build configuration list for PBXNativeTarget "corporaTests" */;
			buildPhases = (
				0FF2224B29159BBB009F93B6 /* Sources */,
				0FF2224C29159BBB009F93B6 /* Frameworks */,
				0FF2224D29159BBB009F93B6 /* Resources */,
			);
			buildRules = (
			);
			dependencies = (
				0FF2225129159BBB009F93B6 /* PBXTargetDependency */,
			);
			name = corporaTests;
			productName = corporaTests;
			productReference = 0FF2224F29159BBB009F93B6 /* corporaTests.xctest */;
			productType = "com.apple.product-type.bundle.unit-test";
		};
		0FF2225829159BBB009F93B6 /* corporaUITests */ = {
			isa = PBXNativeTarget;
			buildConfigurationList = 0FF2226929159BBB009F93B6 /* Build configuration list for PBXNativeTarget "corporaUITests" */;
			buildPhases = (
				0FF2225529159BBB009F93B6 /* Sources */,
				0FF2225629159BBB009F93B6 /* Frameworks */,
				0FF2225729159BBB009F93B6 /* Resources */,
			);
			buildRules = (
			);
			dependencies = (
				0FF2225B29159BBB009F93B6 /* PBXTargetDependency */,
			);
			name = corporaUITests;
			productName = corporaUITests;
			productReference = 0FF2225929159BBB009F93B6 /* corporaUITests.xctest */;
			productType = "com.apple.product-type.bundle.ui-testing";
		};
/* End PBXNativeTarget section */

/* Begin PBXProject section */
		0FF2223129159BB9009F93B6 /* Project object */ = {
			isa = PBXProject;
			attributes = {
				BuildIndependentTargetsInParallel = 1;
				LastSwiftUpdateCheck = 1300;
				LastUpgradeCheck = 1300;
				TargetAttributes = {
					0FF2223829159BB9009F93B6 = {
						CreatedOnToolsVersion = 13.0;
					};
					0FF2224E29159BBB009F93B6 = {
						CreatedOnToolsVersion = 13.0;
						TestTargetID = 0FF2223829159BB9009F93B6;
					};
					0FF2225829159BBB009F93B6 = {
						CreatedOnToolsVersion = 13.0;
						TestTargetID = 0FF2223829159BB9009F93B6;
					};
				};
			};
			buildConfigurationList = 0FF2223429159BB9009F93B6 /* Build configuration list for PBXProject "corpora" */;
			compatibilityVersion = "Xcode 13.0";
			developmentRegion = en;
			hasScannedForEncodings = 0;
			knownRegions = (
				en,
				Base,
			);
			mainGroup = 0FF2223029159BB9009F93B6;
			productRefGroup = 0FF2223A29159BB9009F93B6 /* Products */;
			projectDirPath = "";
			projectRoot = "";
			targets = (
				0FF2223829159BB9009F93B6 /* corpora */,
				0FF2224E29159BBB009F93B6 /* corporaTests */,
				0FF2225829159BBB009F93B6 /* corporaUITests */,
			);
		};
/* End PBXProject section */

/* Begin PBXResourcesBuildPhase section */
		0FF2223729159BB9009F93B6 /* Resources */ = {
			isa = PBXResourcesBuildPhase;
			buildActionMask = 2147483647;
			files = (
				0FF2227C29159C4E009F93B6 /* CharacterListView.storyboard in Resources */,
				0FF2224929159BBB009F93B6 /* LaunchScreen.storyboard in Resources */,
				0FF2224629159BBB009F93B6 /* Assets.xcassets in Resources */,
				0FF2224429159BB9009F93B6 /* Main.storyboard in Resources */,
			);
			runOnlyForDeploymentPostprocessing = 0;
		};
		0FF2224D29159BBB009F93B6 /* Resources */ = {
			isa = PBXResourcesBuildPhase;
			buildActionMask = 2147483647;
			files = (
			);
			runOnlyForDeploymentPostprocessing = 0;
		};
		0FF2225729159BBB009F93B6 /* Resources */ = {
			isa = PBXResourcesBuildPhase;
			buildActionMask = 2147483647;
			files = (
			);
			runOnlyForDeploymentPostprocessing = 0;
		};
/* End PBXResourcesBuildPhase section */

/* Begin PBXSourcesBuildPhase section */
		0FF2223529159BB9009F93B6 /* Sources */ = {
			isa = PBXSourcesBuildPhase;
			buildActionMask = 2147483647;
			files = (
				0FF2227329159C24009F93B6 /* CharacterListPresenter.swift in Sources */,
				0FF2227829159C24009F93B6 /* CharacterListRemoteDataManager.swift in Sources */,
				0FF2227629159C24009F93B6 /* CharacterListInteractor.swift in Sources */,
				0FF2227529159C24009F93B6 /* CharacterListProtocols.swift in Sources */,
				0FF2224129159BB9009F93B6 /* ViewController.swift in Sources */,
				0FF2223D29159BB9009F93B6 /* AppDelegate.swift in Sources */,
				0FF2227429159C24009F93B6 /* CharacterListLocalDataManager.swift in Sources */,
				0FF2227729159C24009F93B6 /* CharacterListView.swift in Sources */,
				0FF2227929159C24009F93B6 /* CharacterListWireFrame.swift in Sources */,
				0FF2223F29159BB9009F93B6 /* SceneDelegate.swift in Sources */,
			);
			runOnlyForDeploymentPostprocessing = 0;
		};
		0FF2224B29159BBB009F93B6 /* Sources */ = {
			isa = PBXSourcesBuildPhase;
			buildActionMask = 2147483647;
			files = (
				0FF2225429159BBB009F93B6 /* corporaTests.swift in Sources */,
			);
			runOnlyForDeploymentPostprocessing = 0;
		};
		0FF2225529159BBB009F93B6 /* Sources */ = {
			isa = PBXSourcesBuildPhase;
			buildActionMask = 2147483647;
			files = (
				0FF2225E29159BBB009F93B6 /* corporaUITests.swift in Sources */,
				0FF2226029159BBB009F93B6 /* corporaUITestsLaunchTests.swift in Sources */,
			);
			runOnlyForDeploymentPostprocessing = 0;
		};
/* End PBXSourcesBuildPhase section */

/* Begin PBXTargetDependency section */
		0FF2225129159BBB009F93B6 /* PBXTargetDependency */ = {
			isa = PBXTargetDependency;
			target = 0FF2223829159BB9009F93B6 /* corpora */;
			targetProxy = 0FF2225029159BBB009F93B6 /* PBXContainerItemProxy */;
		};
		0FF2225B29159BBB009F93B6 /* PBXTargetDependency */ = {
			isa = PBXTargetDependency;
			target = 0FF2223829159BB9009F93B6 /* corpora */;
			targetProxy = 0FF2225A29159BBB009F93B6 /* PBXContainerItemProxy */;
		};
/* End PBXTargetDependency section */

/* Begin PBXVariantGroup section */
		0FF2224229159BB9009F93B6 /* Main.storyboard */ = {
			isa = PBXVariantGroup;
			children = (
				0FF2224329159BB9009F93B6 /* Base */,
			);
			name = Main.storyboard;
			sourceTree = "<group>";
		};
		0FF2224729159BBB009F93B6 /* LaunchScreen.storyboard */ = {
			isa = PBXVariantGroup;
			children = (
				0FF2224829159BBB009F93B6 /* Base */,
			);
			name = LaunchScreen.storyboard;
			sourceTree = "<group>";
		};
/* End PBXVariantGroup section */

/* Begin XCBuildConfiguration section */
		0FF2226129159BBB009F93B6 /* Debug */ = {
			isa = XCBuildConfiguration;
			buildSettings = {
				ALWAYS_SEARCH_USER_PATHS = NO;
				CLANG_ANALYZER_NONNULL = YES;
				CLANG_ANALYZER_NUMBER_OBJECT_CONVERSION = YES_AGGRESSIVE;
				CLANG_CXX_LANGUAGE_STANDARD = "gnu++17";
				CLANG_CXX_LIBRARY = "libc++";
				CLANG_ENABLE_MODULES = YES;
				CLANG_ENABLE_OBJC_ARC = YES;
				CLANG_ENABLE_OBJC_WEAK = YES;
				CLANG_WARN_BLOCK_CAPTURE_AUTORELEASING = YES;
				CLANG_WARN_BOOL_CONVERSION = YES;
				CLANG_WARN_COMMA = YES;
				CLANG_WARN_CONSTANT_CONVERSION = YES;
				CLANG_WARN_DEPRECATED_OBJC_IMPLEMENTATIONS = YES;
				CLANG_WARN_DIRECT_OBJC_ISA_USAGE = YES_ERROR;
				CLANG_WARN_DOCUMENTATION_COMMENTS = YES;
				CLANG_WARN_EMPTY_BODY = YES;
				CLANG_WARN_ENUM_CONVERSION = YES;
				CLANG_WARN_INFINITE_RECURSION = YES;
				CLANG_WARN_INT_CONVERSION = YES;
				CLANG_WARN_NON_LITERAL_NULL_CONVERSION = YES;
				CLANG_WARN_OBJC_IMPLICIT_RETAIN_SELF = YES;
				CLANG_WARN_OBJC_LITERAL_CONVERSION = YES;
				CLANG_WARN_OBJC_ROOT_CLASS = YES_ERROR;
				CLANG_WARN_QUOTED_INCLUDE_IN_FRAMEWORK_HEADER = YES;
				CLANG_WARN_RANGE_LOOP_ANALYSIS = YES;
				CLANG_WARN_STRICT_PROTOTYPES = YES;
				CLANG_WARN_SUSPICIOUS_MOVE = YES;
				CLANG_WARN_UNGUARDED_AVAILABILITY = YES_AGGRESSIVE;
				CLANG_WARN_UNREACHABLE_CODE = YES;
				CLANG_WARN__DUPLICATE_METHOD_MATCH = YES;
				COPY_PHASE_STRIP = NO;
				DEBUG_INFORMATION_FORMAT = dwarf;
				ENABLE_STRICT_OBJC_MSGSEND = YES;
				ENABLE_TESTABILITY = YES;
				GCC_C_LANGUAGE_STANDARD = gnu11;
				GCC_DYNAMIC_NO_PIC = NO;
				GCC_NO_COMMON_BLOCKS = YES;
				GCC_OPTIMIZATION_LEVEL = 0;
				GCC_PREPROCESSOR_DEFINITIONS = (
					"DEBUG=1",
					"$(inherited)",
				);
				GCC_WARN_64_TO_32_BIT_CONVERSION = YES;
				GCC_WARN_ABOUT_RETURN_TYPE = YES_ERROR;
				GCC_WARN_UNDECLARED_SELECTOR = YES;
				GCC_WARN_UNINITIALIZED_AUTOS = YES_AGGRESSIVE;
				GCC_WARN_UNUSED_FUNCTION = YES;
				GCC_WARN_UNUSED_VARIABLE = YES;
				IPHONEOS_DEPLOYMENT_TARGET = 15.0;
				MTL_ENABLE_DEBUG_INFO = INCLUDE_SOURCE;
				MTL_FAST_MATH = YES;
				ONLY_ACTIVE_ARCH = YES;
				SDKROOT = iphoneos;
				SWIFT_ACTIVE_COMPILATION_CONDITIONS = DEBUG;
				SWIFT_OPTIMIZATION_LEVEL = "-Onone";
			};
			name = Debug;
		};
		0FF2226229159BBB009F93B6 /* Release */ = {
			isa = XCBuildConfiguration;
			buildSettings = {
				ALWAYS_SEARCH_USER_PATHS = NO;
				CLANG_ANALYZER_NONNULL = YES;
				CLANG_ANALYZER_NUMBER_OBJECT_CONVERSION = YES_AGGRESSIVE;
				CLANG_CXX_LANGUAGE_STANDARD = "gnu++17";
				CLANG_CXX_LIBRARY = "libc++";
				CLANG_ENABLE_MODULES = YES;
				CLANG_ENABLE_OBJC_ARC = YES;
				CLANG_ENABLE_OBJC_WEAK = YES;
				CLANG_WARN_BLOCK_CAPTURE_AUTORELEASING = YES;
				CLANG_WARN_BOOL_CONVERSION = YES;
				CLANG_WARN_COMMA = YES;
				CLANG_WARN_CONSTANT_CONVERSION = YES;
				CLANG_WARN_DEPRECATED_OBJC_IMPLEMENTATIONS = YES;
				CLANG_WARN_DIRECT_OBJC_ISA_USAGE = YES_ERROR;
				CLANG_WARN_DOCUMENTATION_COMMENTS = YES;
				CLANG_WARN_EMPTY_BODY = YES;
				CLANG_WARN_ENUM_CONVERSION = YES;
				CLANG_WARN_INFINITE_RECURSION = YES;
				CLANG_WARN_INT_CONVERSION = YES;
				CLANG_WARN_NON_LITERAL_NULL_CONVERSION = YES;
				CLANG_WARN_OBJC_IMPLICIT_RETAIN_SELF = YES;
				CLANG_WARN_OBJC_LITERAL_CONVERSION = YES;
				CLANG_WARN_OBJC_ROOT_CLASS = YES_ERROR;
				CLANG_WARN_QUOTED_INCLUDE_IN_FRAMEWORK_HEADER = YES;
				CLANG_WARN_RANGE_LOOP_ANALYSIS = YES;
				CLANG_WARN_STRICT_PROTOTYPES = YES;
				CLANG_WARN_SUSPICIOUS_MOVE = YES;
				CLANG_WARN_UNGUARDED_AVAILABILITY = YES_AGGRESSIVE;
				CLANG_WARN_UNREACHABLE_CODE = YES;
				CLANG_WARN__DUPLICATE_METHOD_MATCH = YES;
				COPY_PHASE_STRIP = NO;
				DEBUG_INFORMATION_FORMAT = "dwarf-with-dsym";
				ENABLE_NS_ASSERTIONS = NO;
				ENABLE_STRICT_OBJC_MSGSEND = YES;
				GCC_C_LANGUAGE_STANDARD = gnu11;
				GCC_NO_COMMON_BLOCKS = YES;
				GCC_WARN_64_TO_32_BIT_CONVERSION = YES;
				GCC_WARN_ABOUT_RETURN_TYPE = YES_ERROR;
				GCC_WARN_UNDECLARED_SELECTOR = YES;
				GCC_WARN_UNINITIALIZED_AUTOS = YES_AGGRESSIVE;
				GCC_WARN_UNUSED_FUNCTION = YES;
				GCC_WARN_UNUSED_VARIABLE = YES;
				IPHONEOS_DEPLOYMENT_TARGET = 15.0;
				MTL_ENABLE_DEBUG_INFO = NO;
				MTL_FAST_MATH = YES;
				SDKROOT = iphoneos;
				SWIFT_COMPILATION_MODE = wholemodule;
				SWIFT_OPTIMIZATION_LEVEL = "-O";
				VALIDATE_PRODUCT = YES;
			};
			name = Release;
		};
		0FF2226429159BBB009F93B6 /* Debug */ = {
			isa = XCBuildConfiguration;
			buildSettings = {
				ASSETCATALOG_COMPILER_APPICON_NAME = AppIcon;
				ASSETCATALOG_COMPILER_GLOBAL_ACCENT_COLOR_NAME = AccentColor;
				CODE_SIGN_STYLE = Automatic;
				CURRENT_PROJECT_VERSION = 1;
				DEVELOPMENT_TEAM = XR5JMW5835;
				GENERATE_INFOPLIST_FILE = YES;
				INFOPLIST_FILE = corpora/Info.plist;
				INFOPLIST_KEY_UIApplicationSupportsIndirectInputEvents = YES;
				INFOPLIST_KEY_UILaunchStoryboardName = LaunchScreen;
				INFOPLIST_KEY_UIMainStoryboardFile = Main;
				INFOPLIST_KEY_UISupportedInterfaceOrientations_iPad = "UIInterfaceOrientationPortrait UIInterfaceOrientationPortraitUpsideDown UIInterfaceOrientationLandscapeLeft UIInterfaceOrientationLandscapeRight";
				INFOPLIST_KEY_UISupportedInterfaceOrientations_iPhone = "UIInterfaceOrientationPortrait UIInterfaceOrientationLandscapeLeft UIInterfaceOrientationLandscapeRight";
				LD_RUNPATH_SEARCH_PATHS = (
					"$(inherited)",
					"@executable_path/Frameworks",
				);
				MARKETING_VERSION = 1.0;
				PRODUCT_BUNDLE_IDENTIFIER = com.david.corpora.corpora;
				PRODUCT_NAME = "$(TARGET_NAME)";
				SWIFT_EMIT_LOC_STRINGS = YES;
				SWIFT_VERSION = 5.0;
				TARGETED_DEVICE_FAMILY = "1,2";
			};
			name = Debug;
		};
		0FF2226529159BBB009F93B6 /* Release */ = {
			isa = XCBuildConfiguration;
			buildSettings = {
				ASSETCATALOG_COMPILER_APPICON_NAME = AppIcon;
				ASSETCATALOG_COMPILER_GLOBAL_ACCENT_COLOR_NAME = AccentColor;
				CODE_SIGN_STYLE = Automatic;
				CURRENT_PROJECT_VERSION = 1;
				DEVELOPMENT_TEAM = XR5JMW5835;
				GENERATE_INFOPLIST_FILE = YES;
				INFOPLIST_FILE = corpora/Info.plist;
				INFOPLIST_KEY_UIApplicationSupportsIndirectInputEvents = YES;
				INFOPLIST_KEY_UILaunchStoryboardName = LaunchScreen;
				INFOPLIST_KEY_UIMainStoryboardFile = Main;
				INFOPLIST_KEY_UISupportedInterfaceOrientations_iPad = "UIInterfaceOrientationPortrait UIInterfaceOrientationPortraitUpsideDown UIInterfaceOrientationLandscapeLeft UIInterfaceOrientationLandscapeRight";
				INFOPLIST_KEY_UISupportedInterfaceOrientations_iPhone = "UIInterfaceOrientationPortrait UIInterfaceOrientationLandscapeLeft UIInterfaceOrientationLandscapeRight";
				LD_RUNPATH_SEARCH_PATHS = (
					"$(inherited)",
					"@executable_path/Frameworks",
				);
				MARKETING_VERSION = 1.0;
				PRODUCT_BUNDLE_IDENTIFIER = com.david.corpora.corpora;
				PRODUCT_NAME = "$(TARGET_NAME)";
				SWIFT_EMIT_LOC_STRINGS = YES;
				SWIFT_VERSION = 5.0;
				TARGETED_DEVICE_FAMILY = "1,2";
			};
			name = Release;
		};
		0FF2226729159BBB009F93B6 /* Debug */ = {
			isa = XCBuildConfiguration;
			buildSettings = {
				ALWAYS_EMBED_SWIFT_STANDARD_LIBRARIES = YES;
				BUNDLE_LOADER = "$(TEST_HOST)";
				CODE_SIGN_STYLE = Automatic;
				CURRENT_PROJECT_VERSION = 1;
				DEVELOPMENT_TEAM = XR5JMW5835;
				GENERATE_INFOPLIST_FILE = YES;
				IPHONEOS_DEPLOYMENT_TARGET = 15.0;
				LD_RUNPATH_SEARCH_PATHS = (
					"$(inherited)",
					"@executable_path/Frameworks",
					"@loader_path/Frameworks",
				);
				MARKETING_VERSION = 1.0;
				PRODUCT_BUNDLE_IDENTIFIER = com.david.corpora.corporaTests;
				PRODUCT_NAME = "$(TARGET_NAME)";
				SWIFT_EMIT_LOC_STRINGS = NO;
				SWIFT_VERSION = 5.0;
				TARGETED_DEVICE_FAMILY = "1,2";
				TEST_HOST = "$(BUILT_PRODUCTS_DIR)/corpora.app/corpora";
			};
			name = Debug;
		};
		0FF2226829159BBB009F93B6 /* Release */ = {
			isa = XCBuildConfiguration;
			buildSettings = {
				ALWAYS_EMBED_SWIFT_STANDARD_LIBRARIES = YES;
				BUNDLE_LOADER = "$(TEST_HOST)";
				CODE_SIGN_STYLE = Automatic;
				CURRENT_PROJECT_VERSION = 1;
				DEVELOPMENT_TEAM = XR5JMW5835;
				GENERATE_INFOPLIST_FILE = YES;
				IPHONEOS_DEPLOYMENT_TARGET = 15.0;
				LD_RUNPATH_SEARCH_PATHS = (
					"$(inherited)",
					"@executable_path/Frameworks",
					"@loader_path/Frameworks",
				);
				MARKETING_VERSION = 1.0;
				PRODUCT_BUNDLE_IDENTIFIER = com.david.corpora.corporaTests;
				PRODUCT_NAME = "$(TARGET_NAME)";
				SWIFT_EMIT_LOC_STRINGS = NO;
				SWIFT_VERSION = 5.0;
				TARGETED_DEVICE_FAMILY = "1,2";
				TEST_HOST = "$(BUILT_PRODUCTS_DIR)/corpora.app/corpora";
			};
			name = Release;
		};
		0FF2226A29159BBB009F93B6 /* Debug */ = {
			isa = XCBuildConfiguration;
			buildSettings = {
				ALWAYS_EMBED_SWIFT_STANDARD_LIBRARIES = YES;
				CODE_SIGN_STYLE = Automatic;
				CURRENT_PROJECT_VERSION = 1;
				DEVELOPMENT_TEAM = XR5JMW5835;
				GENERATE_INFOPLIST_FILE = YES;
				LD_RUNPATH_SEARCH_PATHS = (
					"$(inherited)",
					"@executable_path/Frameworks",
					"@loader_path/Frameworks",
				);
				MARKETING_VERSION = 1.0;
				PRODUCT_BUNDLE_IDENTIFIER = com.david.corpora.corporaUITests;
				PRODUCT_NAME = "$(TARGET_NAME)";
				SWIFT_EMIT_LOC_STRINGS = NO;
				SWIFT_VERSION = 5.0;
				TARGETED_DEVICE_FAMILY = "1,2";
				TEST_TARGET_NAME = corpora;
			};
			name = Debug;
		};
		0FF2226B29159BBB009F93B6 /* Release */ = {
			isa = XCBuildConfiguration;
			buildSettings = {
				ALWAYS_EMBED_SWIFT_STANDARD_LIBRARIES = YES;
				CODE_SIGN_STYLE = Automatic;
				CURRENT_PROJECT_VERSION = 1;
				DEVELOPMENT_TEAM = XR5JMW5835;
				GENERATE_INFOPLIST_FILE = YES;
				LD_RUNPATH_SEARCH_PATHS = (
					"$(inherited)",
					"@executable_path/Frameworks",
					"@loader_path/Frameworks",
				);
				MARKETING_VERSION = 1.0;
				PRODUCT_BUNDLE_IDENTIFIER = com.david.corpora.corporaUITests;
				PRODUCT_NAME = "$(TARGET_NAME)";
				SWIFT_EMIT_LOC_STRINGS = NO;
				SWIFT_VERSION = 5.0;
				TARGETED_DEVICE_FAMILY = "1,2";
				TEST_TARGET_NAME = corpora;
			};
			name = Release;
		};
/* End XCBuildConfiguration section */

/* Begin XCConfigurationList section */
		0FF2223429159BB9009F93B6 /* Build configuration list for PBXProject "corpora" */ = {
			isa = XCConfigurationList;
			buildConfigurations = (
				0FF2226129159BBB009F93B6 /* Debug */,
				0FF2226229159BBB009F93B6 /* Release */,
			);
			defaultConfigurationIsVisible = 0;
			defaultConfigurationName = Release;
		};
		0FF2226329159BBB009F93B6 /* Build configuration list for PBXNativeTarget "corpora" */ = {
			isa = XCConfigurationList;
			buildConfigurations = (
				0FF2226429159BBB009F93B6 /* Debug */,
				0FF2226529159BBB009F93B6 /* Release */,
			);
			defaultConfigurationIsVisible = 0;
			defaultConfigurationName = Release;
		};
		0FF2226629159BBB009F93B6 /* Build configuration list for PBXNativeTarget "corporaTests" */ = {
			isa = XCConfigurationList;
			buildConfigurations = (
				0FF2226729159BBB009F93B6 /* Debug */,
				0FF2226829159BBB009F93B6 /* Release */,
			);
			defaultConfigurationIsVisible = 0;
			defaultConfigurationName = Release;
		};
		0FF2226929159BBB009F93B6 /* Build configuration list for PBXNativeTarget "corporaUITests" */ = {
			isa = XCConfigurationList;
			buildConfigurations = (
				0FF2226A29159BBB009F93B6 /* Debug */,
				0FF2226B29159BBB009F93B6 /* Release */,
			);
			defaultConfigurationIsVisible = 0;
			defaultConfigurationName = Release;
		};
/* End XCConfigurationList section */
	};
	rootObject = 0FF2223129159BB9009F93B6 /* Project object */;
}
